// !$*UTF8*$!
{
	archiveVersion = 1;
	classes = {
	};
	objectVersion = 55;
	objects = {

/* Begin PBXBuildFile section */
		2BC98792279C7C6600D47C64 /* AppDelegate.swift in Sources */ = {isa = PBXBuildFile; fileRef = 2BC98791279C7C6600D47C64 /* AppDelegate.swift */; };
		2BC98794279C7C6600D47C64 /* SceneDelegate.swift in Sources */ = {isa = PBXBuildFile; fileRef = 2BC98793279C7C6600D47C64 /* SceneDelegate.swift */; };
		2BC98796279C7C6600D47C64 /* StartViewController.swift in Sources */ = {isa = PBXBuildFile; fileRef = 2BC98795279C7C6600D47C64 /* StartViewController.swift */; };
		2BC98799279C7C6600D47C64 /* Main.storyboard in Resources */ = {isa = PBXBuildFile; fileRef = 2BC98797279C7C6600D47C64 /* Main.storyboard */; };
		2BC9879B279C7C6800D47C64 /* Assets.xcassets in Resources */ = {isa = PBXBuildFile; fileRef = 2BC9879A279C7C6800D47C64 /* Assets.xcassets */; };
		2BC9879E279C7C6800D47C64 /* LaunchScreen.storyboard in Resources */ = {isa = PBXBuildFile; fileRef = 2BC9879C279C7C6800D47C64 /* LaunchScreen.storyboard */; };
		2BC987AB279C932500D47C64 /* Question.swift in Sources */ = {isa = PBXBuildFile; fileRef = 2BC987AA279C932500D47C64 /* Question.swift */; };
		2BC987AD279CA8F800D47C64 /* QuestionsViewController.swift in Sources */ = {isa = PBXBuildFile; fileRef = 2BC987AC279CA8F800D47C64 /* QuestionsViewController.swift */; };
		2BC987AF279CA91200D47C64 /* ResultViewController.swift in Sources */ = {isa = PBXBuildFile; fileRef = 2BC987AE279CA91200D47C64 /* ResultViewController.swift */; };
/* End PBXBuildFile section */

/* Begin PBXFileReference section */
		2BC9878E279C7C6600D47C64 /* PersonalQuize.app */ = {isa = PBXFileReference; explicitFileType = wrapper.application; includeInIndex = 0; path = PersonalQuize.app; sourceTree = BUILT_PRODUCTS_DIR; };
		2BC98791279C7C6600D47C64 /* AppDelegate.swift */ = {isa = PBXFileReference; lastKnownFileType = sourcecode.swift; path = AppDelegate.swift; sourceTree = "<group>"; };
		2BC98793279C7C6600D47C64 /* SceneDelegate.swift */ = {isa = PBXFileReference; lastKnownFileType = sourcecode.swift; path = SceneDelegate.swift; sourceTree = "<group>"; };
		2BC98795279C7C6600D47C64 /* StartViewController.swift */ = {isa = PBXFileReference; lastKnownFileType = sourcecode.swift; path = StartViewController.swift; sourceTree = "<group>"; };
		2BC98798279C7C6600D47C64 /* Base */ = {isa = PBXFileReference; lastKnownFileType = file.storyboard; name = Base; path = Base.lproj/Main.storyboard; sourceTree = "<group>"; };
		2BC9879A279C7C6800D47C64 /* Assets.xcassets */ = {isa = PBXFileReference; lastKnownFileType = folder.assetcatalog; path = Assets.xcassets; sourceTree = "<group>"; };
		2BC9879D279C7C6800D47C64 /* Base */ = {isa = PBXFileReference; lastKnownFileType = file.storyboard; name = Base; path = Base.lproj/LaunchScreen.storyboard; sourceTree = "<group>"; };
		2BC9879F279C7C6800D47C64 /* Info.plist */ = {isa = PBXFileReference; lastKnownFileType = text.plist.xml; path = Info.plist; sourceTree = "<group>"; };
		2BC987AA279C932500D47C64 /* Question.swift */ = {isa = PBXFileReference; lastKnownFileType = sourcecode.swift; path = Question.swift; sourceTree = "<group>"; };
		2BC987AC279CA8F800D47C64 /* QuestionsViewController.swift */ = {isa = PBXFileReference; lastKnownFileType = sourcecode.swift; path = QuestionsViewController.swift; sourceTree = "<group>"; };
		2BC987AE279CA91200D47C64 /* ResultViewController.swift */ = {isa = PBXFileReference; lastKnownFileType = sourcecode.swift; path = ResultViewController.swift; sourceTree = "<group>"; };
/* End PBXFileReference section */

/* Begin PBXFrameworksBuildPhase section */
		2BC9878B279C7C6600D47C64 /* Frameworks */ = {
			isa = PBXFrameworksBuildPhase;
			buildActionMask = 2147483647;
			files = (
			);
			runOnlyForDeploymentPostprocessing = 0;
		};
/* End PBXFrameworksBuildPhase section */

/* Begin PBXGroup section */
		2BC98785279C7C6600D47C64 = {
			isa = PBXGroup;
			children = (
				2BC98790279C7C6600D47C64 /* PersonalQuize */,
				2BC9878F279C7C6600D47C64 /* Products */,
			);
			sourceTree = "<group>";
		};
		2BC9878F279C7C6600D47C64 /* Products */ = {
			isa = PBXGroup;
			children = (
				2BC9878E279C7C6600D47C64 /* PersonalQuize.app */,
			);
			name = Products;
			sourceTree = "<group>";
		};
		2BC98790279C7C6600D47C64 /* PersonalQuize */ = {
			isa = PBXGroup;
			children = (
				2BC987A8279C7CFA00D47C64 /* ViewControllers */,
				2BC987A9279C924E00D47C64 /* Models */,
				2BC987A6279C7CD800D47C64 /* Storyboards */,
				2BC987A7279C7CE900D47C64 /* Resources */,
				2BC987A5279C7C9900D47C64 /* Configs */,
			);
			path = PersonalQuize;
			sourceTree = "<group>";
		};
		2BC987A5279C7C9900D47C64 /* Configs */ = {
			isa = PBXGroup;
			children = (
				2BC98791279C7C6600D47C64 /* AppDelegate.swift */,
				2BC98793279C7C6600D47C64 /* SceneDelegate.swift */,
				2BC9879F279C7C6800D47C64 /* Info.plist */,
			);
			path = Configs;
			sourceTree = "<group>";
		};
		2BC987A6279C7CD800D47C64 /* Storyboards */ = {
			isa = PBXGroup;
			children = (
				2BC98797279C7C6600D47C64 /* Main.storyboard */,
				2BC9879C279C7C6800D47C64 /* LaunchScreen.storyboard */,
			);
			path = Storyboards;
			sourceTree = "<group>";
		};
		2BC987A7279C7CE900D47C64 /* Resources */ = {
			isa = PBXGroup;
			children = (
				2BC9879A279C7C6800D47C64 /* Assets.xcassets */,
			);
			path = Resources;
			sourceTree = "<group>";
		};
		2BC987A8279C7CFA00D47C64 /* ViewControllers */ = {
			isa = PBXGroup;
			children = (
				2BC98795279C7C6600D47C64 /* StartViewController.swift */,
				2BC987AC279CA8F800D47C64 /* QuestionsViewController.swift */,
				2BC987AE279CA91200D47C64 /* ResultViewController.swift */,
			);
			path = ViewControllers;
			sourceTree = "<group>";
		};
		2BC987A9279C924E00D47C64 /* Models */ = {
			isa = PBXGroup;
			children = (
				2BC987AA279C932500D47C64 /* Question.swift */,
			);
			path = Models;
			sourceTree = "<group>";
		};
/* End PBXGroup section */

/* Begin PBXNativeTarget section */
		2BC9878D279C7C6600D47C64 /* PersonalQuize */ = {
			isa = PBXNativeTarget;
			buildConfigurationList = 2BC987A2279C7C6800D47C64 /* Build configuration list for PBXNativeTarget "PersonalQuize" */;
			buildPhases = (
				2BC9878A279C7C6600D47C64 /* Sources */,
				2BC9878B279C7C6600D47C64 /* Frameworks */,
				2BC9878C279C7C6600D47C64 /* Resources */,
			);
			buildRules = (
			);
			dependencies = (
			);
			name = PersonalQuize;
			productName = PersonalQuize;
			productReference = 2BC9878E279C7C6600D47C64 /* PersonalQuize.app */;
			productType = "com.apple.product-type.application";
		};
/* End PBXNativeTarget section */

/* Begin PBXProject section */
		2BC98786279C7C6600D47C64 /* Project object */ = {
			isa = PBXProject;
			attributes = {
				BuildIndependentTargetsInParallel = 1;
				LastSwiftUpdateCheck = 1320;
				LastUpgradeCheck = 1320;
				TargetAttributes = {
					2BC9878D279C7C6600D47C64 = {
						CreatedOnToolsVersion = 13.2.1;
					};
				};
			};
			buildConfigurationList = 2BC98789279C7C6600D47C64 /* Build configuration list for PBXProject "PersonalQuize" */;
			compatibilityVersion = "Xcode 13.0";
			developmentRegion = en;
			hasScannedForEncodings = 0;
			knownRegions = (
				en,
				Base,
			);
			mainGroup = 2BC98785279C7C6600D47C64;
			productRefGroup = 2BC9878F279C7C6600D47C64 /* Products */;
			projectDirPath = "";
			projectRoot = "";
			targets = (
				2BC9878D279C7C6600D47C64 /* PersonalQuize */,
			);
		};
/* End PBXProject section */

/* Begin PBXResourcesBuildPhase section */
		2BC9878C279C7C6600D47C64 /* Resources */ = {
			isa = PBXResourcesBuildPhase;
			buildActionMask = 2147483647;
			files = (
				2BC9879E279C7C6800D47C64 /* LaunchScreen.storyboard in Resources */,
				2BC9879B279C7C6800D47C64 /* Assets.xcassets in Resources */,
				2BC98799279C7C6600D47C64 /* Main.storyboard in Resources */,
			);
			runOnlyForDeploymentPostprocessing = 0;
		};
/* End PBXResourcesBuildPhase section */

/* Begin PBXSourcesBuildPhase section */
		2BC9878A279C7C6600D47C64 /* Sources */ = {
			isa = PBXSourcesBuildPhase;
			buildActionMask = 2147483647;
			files = (
				2BC98796279C7C6600D47C64 /* StartViewController.swift in Sources */,
				2BC987AD279CA8F800D47C64 /* QuestionsViewController.swift in Sources */,
				2BC987AB279C932500D47C64 /* Question.swift in Sources */,
				2BC98792279C7C6600D47C64 /* AppDelegate.swift in Sources */,
				2BC98794279C7C6600D47C64 /* SceneDelegate.swift in Sources */,
				2BC987AF279CA91200D47C64 /* ResultViewController.swift in Sources */,
			);
			runOnlyForDeploymentPostprocessing = 0;
		};
/* End PBXSourcesBuildPhase section */

/* Begin PBXVariantGroup section */
		2BC98797279C7C6600D47C64 /* Main.storyboard */ = {
			isa = PBXVariantGroup;
			children = (
				2BC98798279C7C6600D47C64 /* Base */,
			);
			name = Main.storyboard;
			sourceTree = "<group>";
		};
		2BC9879C279C7C6800D47C64 /* LaunchScreen.storyboard */ = {
			isa = PBXVariantGroup;
			children = (
				2BC9879D279C7C6800D47C64 /* Base */,
			);
			name = LaunchScreen.storyboard;
			sourceTree = "<group>";
		};
/* End PBXVariantGroup section */

/* Begin XCBuildConfiguration section */
		2BC987A0279C7C6800D47C64 /* Debug */ = {
			isa = XCBuildConfiguration;
			buildSettings = {
				ALWAYS_SEARCH_USER_PATHS = NO;
				CLANG_ANALYZER_NONNULL = YES;
				CLANG_ANALYZER_NUMBER_OBJECT_CONVERSION = YES_AGGRESSIVE;
				CLANG_CXX_LANGUAGE_STANDARD = "gnu++17";
				CLANG_CXX_LIBRARY = "libc++";
				CLANG_ENABLE_MODULES = YES;
				CLANG_ENABLE_OBJC_ARC = YES;
				CLANG_ENABLE_OBJC_WEAK = YES;
				CLANG_WARN_BLOCK_CAPTURE_AUTORELEASING = YES;
				CLANG_WARN_BOOL_CONVERSION = YES;
				CLANG_WARN_COMMA = YES;
				CLANG_WARN_CONSTANT_CONVERSION = YES;
				CLANG_WARN_DEPRECATED_OBJC_IMPLEMENTATIONS = YES;
				CLANG_WARN_DIRECT_OBJC_ISA_USAGE = YES_ERROR;
				CLANG_WARN_DOCUMENTATION_COMMENTS = YES;
				CLANG_WARN_EMPTY_BODY = YES;
				CLANG_WARN_ENUM_CONVERSION = YES;
				CLANG_WARN_INFINITE_RECURSION = YES;
				CLANG_WARN_INT_CONVERSION = YES;
				CLANG_WARN_NON_LITERAL_NULL_CONVERSION = YES;
				CLANG_WARN_OBJC_IMPLICIT_RETAIN_SELF = YES;
				CLANG_WARN_OBJC_LITERAL_CONVERSION = YES;
				CLANG_WARN_OBJC_ROOT_CLASS = YES_ERROR;
				CLANG_WARN_QUOTED_INCLUDE_IN_FRAMEWORK_HEADER = YES;
				CLANG_WARN_RANGE_LOOP_ANALYSIS = YES;
				CLANG_WARN_STRICT_PROTOTYPES = YES;
				CLANG_WARN_SUSPICIOUS_MOVE = YES;
				CLANG_WARN_UNGUARDED_AVAILABILITY = YES_AGGRESSIVE;
				CLANG_WARN_UNREACHABLE_CODE = YES;
				CLANG_WARN__DUPLICATE_METHOD_MATCH = YES;
				COPY_PHASE_STRIP = NO;
				DEBUG_INFORMATION_FORMAT = dwarf;
				ENABLE_STRICT_OBJC_MSGSEND = YES;
				ENABLE_TESTABILITY = YES;
				GCC_C_LANGUAGE_STANDARD = gnu11;
				GCC_DYNAMIC_NO_PIC = NO;
				GCC_NO_COMMON_BLOCKS = YES;
				GCC_OPTIMIZATION_LEVEL = 0;
				GCC_PREPROCESSOR_DEFINITIONS = (
					"DEBUG=1",
					"$(inherited)",
				);
				GCC_WARN_64_TO_32_BIT_CONVERSION = YES;
				GCC_WARN_ABOUT_RETURN_TYPE = YES_ERROR;
				GCC_WARN_UNDECLARED_SELECTOR = YES;
				GCC_WARN_UNINITIALIZED_AUTOS = YES_AGGRESSIVE;
				GCC_WARN_UNUSED_FUNCTION = YES;
				GCC_WARN_UNUSED_VARIABLE = YES;
				IPHONEOS_DEPLOYMENT_TARGET = 15.2;
				MTL_ENABLE_DEBUG_INFO = INCLUDE_SOURCE;
				MTL_FAST_MATH = YES;
				ONLY_ACTIVE_ARCH = YES;
				SDKROOT = iphoneos;
				SWIFT_ACTIVE_COMPILATION_CONDITIONS = DEBUG;
				SWIFT_OPTIMIZATION_LEVEL = "-Onone";
			};
			name = Debug;
		};
		2BC987A1279C7C6800D47C64 /* Release */ = {
			isa = XCBuildConfiguration;
			buildSettings = {
				ALWAYS_SEARCH_USER_PATHS = NO;
				CLANG_ANALYZER_NONNULL = YES;
				CLANG_ANALYZER_NUMBER_OBJECT_CONVERSION = YES_AGGRESSIVE;
				CLANG_CXX_LANGUAGE_STANDARD = "gnu++17";
				CLANG_CXX_LIBRARY = "libc++";
				CLANG_ENABLE_MODULES = YES;
				CLANG_ENABLE_OBJC_ARC = YES;
				CLANG_ENABLE_OBJC_WEAK = YES;
				CLANG_WARN_BLOCK_CAPTURE_AUTORELEASING = YES;
				CLANG_WARN_BOOL_CONVERSION = YES;
				CLANG_WARN_COMMA = YES;
				CLANG_WARN_CONSTANT_CONVERSION = YES;
				CLANG_WARN_DEPRECATED_OBJC_IMPLEMENTATIONS = YES;
				CLANG_WARN_DIRECT_OBJC_ISA_USAGE = YES_ERROR;
				CLANG_WARN_DOCUMENTATION_COMMENTS = YES;
				CLANG_WARN_EMPTY_BODY = YES;
				CLANG_WARN_ENUM_CONVERSION = YES;
				CLANG_WARN_INFINITE_RECURSION = YES;
				CLANG_WARN_INT_CONVERSION = YES;
				CLANG_WARN_NON_LITERAL_NULL_CONVERSION = YES;
				CLANG_WARN_OBJC_IMPLICIT_RETAIN_SELF = YES;
				CLANG_WARN_OBJC_LITERAL_CONVERSION = YES;
				CLANG_WARN_OBJC_ROOT_CLASS = YES_ERROR;
				CLANG_WARN_QUOTED_INCLUDE_IN_FRAMEWORK_HEADER = YES;
				CLANG_WARN_RANGE_LOOP_ANALYSIS = YES;
				CLANG_WARN_STRICT_PROTOTYPES = YES;
				CLANG_WARN_SUSPICIOUS_MOVE = YES;
				CLANG_WARN_UNGUARDED_AVAILABILITY = YES_AGGRESSIVE;
				CLANG_WARN_UNREACHABLE_CODE = YES;
				CLANG_WARN__DUPLICATE_METHOD_MATCH = YES;
				COPY_PHASE_STRIP = NO;
				DEBUG_INFORMATION_FORMAT = "dwarf-with-dsym";
				ENABLE_NS_ASSERTIONS = NO;
				ENABLE_STRICT_OBJC_MSGSEND = YES;
				GCC_C_LANGUAGE_STANDARD = gnu11;
				GCC_NO_COMMON_BLOCKS = YES;
				GCC_WARN_64_TO_32_BIT_CONVERSION = YES;
				GCC_WARN_ABOUT_RETURN_TYPE = YES_ERROR;
				GCC_WARN_UNDECLARED_SELECTOR = YES;
				GCC_WARN_UNINITIALIZED_AUTOS = YES_AGGRESSIVE;
				GCC_WARN_UNUSED_FUNCTION = YES;
				GCC_WARN_UNUSED_VARIABLE = YES;
				IPHONEOS_DEPLOYMENT_TARGET = 15.2;
				MTL_ENABLE_DEBUG_INFO = NO;
				MTL_FAST_MATH = YES;
				SDKROOT = iphoneos;
				SWIFT_COMPILATION_MODE = wholemodule;
				SWIFT_OPTIMIZATION_LEVEL = "-O";
				VALIDATE_PRODUCT = YES;
			};
			name = Release;
		};
		2BC987A3279C7C6800D47C64 /* Debug */ = {
			isa = XCBuildConfiguration;
			buildSettings = {
				ASSETCATALOG_COMPILER_APPICON_NAME = AppIcon;
				ASSETCATALOG_COMPILER_GLOBAL_ACCENT_COLOR_NAME = AccentColor;
				CODE_SIGN_STYLE = Automatic;
				CURRENT_PROJECT_VERSION = 1;
				DEVELOPMENT_TEAM = 475RUK8D4A;
				GENERATE_INFOPLIST_FILE = YES;
				INFOPLIST_FILE = PersonalQuize/Configs/Info.plist;
				INFOPLIST_KEY_CFBundleDisplayName = "Personal Quize";
				INFOPLIST_KEY_UIApplicationSupportsIndirectInputEvents = YES;
				INFOPLIST_KEY_UILaunchStoryboardName = LaunchScreen;
				INFOPLIST_KEY_UIMainStoryboardFile = Main;
				INFOPLIST_KEY_UISupportedInterfaceOrientations_iPad = "UIInterfaceOrientationPortrait UIInterfaceOrientationPortraitUpsideDown UIInterfaceOrientationLandscapeLeft UIInterfaceOrientationLandscapeRight";
				INFOPLIST_KEY_UISupportedInterfaceOrientations_iPhone = "UIInterfaceOrientationPortrait UIInterfaceOrientationLandscapeLeft UIInterfaceOrientationLandscapeRight";
				IPHONEOS_DEPLOYMENT_TARGET = 15.0;
				LD_RUNPATH_SEARCH_PATHS = (
					"$(inherited)",
					"@executable_path/Frameworks",
				);
				MARKETING_VERSION = 1.0;
				PRODUCT_BUNDLE_IDENTIFIER = Skvortsov.PersonalQuize;
				PRODUCT_NAME = "$(TARGET_NAME)";
				SWIFT_EMIT_LOC_STRINGS = YES;
				SWIFT_VERSION = 5.0;
				TARGETED_DEVICE_FAMILY = 1;
			};
			name = Debug;
		};
		2BC987A4279C7C6800D47C64 /* Release */ = {
			isa = XCBuildConfiguration;
			buildSettings = {
				ASSETCATALOG_COMPILER_APPICON_NAME = AppIcon;
				ASSETCATALOG_COMPILER_GLOBAL_ACCENT_COLOR_NAME = AccentColor;
				CODE_SIGN_STYLE = Automatic;
				CURRENT_PROJECT_VERSION = 1;
				DEVELOPMENT_TEAM = 475RUK8D4A;
				GENERATE_INFOPLIST_FILE = YES;
				INFOPLIST_FILE = PersonalQuize/Configs/Info.plist;
				INFOPLIST_KEY_CFBundleDisplayName = "Personal Quize";
				INFOPLIST_KEY_UIApplicationSupportsIndirectInputEvents = YES;
				INFOPLIST_KEY_UILaunchStoryboardName = LaunchScreen;
				INFOPLIST_KEY_UIMainStoryboardFile = Main;
				INFOPLIST_KEY_UISupportedInterfaceOrientations_iPad = "UIInterfaceOrientationPortrait UIInterfaceOrientationPortraitUpsideDown UIInterfaceOrientationLandscapeLeft UIInterfaceOrientationLandscapeRight";
				INFOPLIST_KEY_UISupportedInterfaceOrientations_iPhone = "UIInterfaceOrientationPortrait UIInterfaceOrientationLandscapeLeft UIInterfaceOrientationLandscapeRight";
				IPHONEOS_DEPLOYMENT_TARGET = 15.0;
				LD_RUNPATH_SEARCH_PATHS = (
					"$(inherited)",
					"@executable_path/Frameworks",
				);
				MARKETING_VERSION = 1.0;
				PRODUCT_BUNDLE_IDENTIFIER = Skvortsov.PersonalQuize;
				PRODUCT_NAME = "$(TARGET_NAME)";
				SWIFT_EMIT_LOC_STRINGS = YES;
				SWIFT_VERSION = 5.0;
				TARGETED_DEVICE_FAMILY = 1;
			};
			name = Release;
		};
/* End XCBuildConfiguration section */

/* Begin XCConfigurationList section */
		2BC98789279C7C6600D47C64 /* Build configuration list for PBXProject "PersonalQuize" */ = {
			isa = XCConfigurationList;
			buildConfigurations = (
				2BC987A0279C7C6800D47C64 /* Debug */,
				2BC987A1279C7C6800D47C64 /* Release */,
			);
			defaultConfigurationIsVisible = 0;
			defaultConfigurationName = Release;
		};
		2BC987A2279C7C6800D47C64 /* Build configuration list for PBXNativeTarget "PersonalQuize" */ = {
			isa = XCConfigurationList;
			buildConfigurations = (
				2BC987A3279C7C6800D47C64 /* Debug */,
				2BC987A4279C7C6800D47C64 /* Release */,
			);
			defaultConfigurationIsVisible = 0;
			defaultConfigurationName = Release;
		};
/* End XCConfigurationList section */
	};
	rootObject = 2BC98786279C7C6600D47C64 /* Project object */;
}
